// !$*UTF8*$!
{
	archiveVersion = 1;
	classes = {
	};
	objectVersion = 46;
	objects = {

/* Begin PBXBuildFile section */
		7309B01B1909D0C800ACCD5E /* Foundation.framework in Frameworks */ = {isa = PBXBuildFile; fileRef = 7309B01A1909D0C800ACCD5E /* Foundation.framework */; };
		7309B01D1909D0C800ACCD5E /* CoreGraphics.framework in Frameworks */ = {isa = PBXBuildFile; fileRef = 7309B01C1909D0C800ACCD5E /* CoreGraphics.framework */; };
		7309B01F1909D0C800ACCD5E /* UIKit.framework in Frameworks */ = {isa = PBXBuildFile; fileRef = 7309B01E1909D0C800ACCD5E /* UIKit.framework */; };
		7309B0251909D0C800ACCD5E /* InfoPlist.strings in Resources */ = {isa = PBXBuildFile; fileRef = 7309B0231909D0C800ACCD5E /* InfoPlist.strings */; };
		7309B0271909D0C800ACCD5E /* main.m in Sources */ = {isa = PBXBuildFile; fileRef = 7309B0261909D0C800ACCD5E /* main.m */; };
		7309B02B1909D0C800ACCD5E /* PlumAppDelegate.m in Sources */ = {isa = PBXBuildFile; fileRef = 7309B02A1909D0C800ACCD5E /* PlumAppDelegate.m */; };
		7309B02E1909D0C800ACCD5E /* Main.storyboard in Resources */ = {isa = PBXBuildFile; fileRef = 7309B02C1909D0C800ACCD5E /* Main.storyboard */; };
		7309B0311909D0C800ACCD5E /* PlumMasterViewController.m in Sources */ = {isa = PBXBuildFile; fileRef = 7309B0301909D0C800ACCD5E /* PlumMasterViewController.m */; };
		7309B0361909D0C800ACCD5E /* Images.xcassets in Resources */ = {isa = PBXBuildFile; fileRef = 7309B0351909D0C800ACCD5E /* Images.xcassets */; };
		7309B03D1909D0C800ACCD5E /* XCTest.framework in Frameworks */ = {isa = PBXBuildFile; fileRef = 7309B03C1909D0C800ACCD5E /* XCTest.framework */; };
		7309B03E1909D0C800ACCD5E /* Foundation.framework in Frameworks */ = {isa = PBXBuildFile; fileRef = 7309B01A1909D0C800ACCD5E /* Foundation.framework */; };
		7309B03F1909D0C800ACCD5E /* UIKit.framework in Frameworks */ = {isa = PBXBuildFile; fileRef = 7309B01E1909D0C800ACCD5E /* UIKit.framework */; };
		7309B0471909D0C800ACCD5E /* InfoPlist.strings in Resources */ = {isa = PBXBuildFile; fileRef = 7309B0451909D0C800ACCD5E /* InfoPlist.strings */; };
		7309B0491909D0C800ACCD5E /* PlumTests.m in Sources */ = {isa = PBXBuildFile; fileRef = 7309B0481909D0C800ACCD5E /* PlumTests.m */; };
		7309B0541909D9A900ACCD5E /* PlumCardCell.m in Sources */ = {isa = PBXBuildFile; fileRef = 7309B0531909D9A900ACCD5E /* PlumCardCell.m */; };
		7309B0571909E1DF00ACCD5E /* anna.jpg in Resources */ = {isa = PBXBuildFile; fileRef = 7309B0561909E1DF00ACCD5E /* anna.jpg */; };
		7309B05C190A184500ACCD5E /* TradingCardCell.m in Sources */ = {isa = PBXBuildFile; fileRef = 7309B05B190A184500ACCD5E /* TradingCardCell.m */; };
		7309B05F190A240000ACCD5E /* StoryCardCell.m in Sources */ = {isa = PBXBuildFile; fileRef = 7309B05E190A240000ACCD5E /* StoryCardCell.m */; };
		731E212F190D74B900C02B6D /* CardFlipSegue.m in Sources */ = {isa = PBXBuildFile; fileRef = 731E212E190D74B900C02B6D /* CardFlipSegue.m */; };
		7336530E190F5A5700538335 /* trading_card_placeholder.png in Resources */ = {isa = PBXBuildFile; fileRef = 7336530D190F5A5700538335 /* trading_card_placeholder.png */; };
		73455170190DC71500F55D98 /* Parse.framework in Frameworks */ = {isa = PBXBuildFile; fileRef = 7345516F190DC71500F55D98 /* Parse.framework */; };
		73455172190DC74000F55D98 /* AudioToolbox.framework in Frameworks */ = {isa = PBXBuildFile; fileRef = 73455171190DC74000F55D98 /* AudioToolbox.framework */; };
		73455174190DC74500F55D98 /* CFNetwork.framework in Frameworks */ = {isa = PBXBuildFile; fileRef = 73455173190DC74500F55D98 /* CFNetwork.framework */; };
		73455176190DC74F00F55D98 /* CoreLocation.framework in Frameworks */ = {isa = PBXBuildFile; fileRef = 73455175190DC74F00F55D98 /* CoreLocation.framework */; };
		73455178190DC75400F55D98 /* libz.dylib in Frameworks */ = {isa = PBXBuildFile; fileRef = 73455177190DC75400F55D98 /* libz.dylib */; };
		7345517A190DC75900F55D98 /* MobileCoreServices.framework in Frameworks */ = {isa = PBXBuildFile; fileRef = 73455179190DC75900F55D98 /* MobileCoreServices.framework */; };
		7345517C190DC75E00F55D98 /* QuartzCore.framework in Frameworks */ = {isa = PBXBuildFile; fileRef = 7345517B190DC75E00F55D98 /* QuartzCore.framework */; };
		7345517E190DC76300F55D98 /* Security.framework in Frameworks */ = {isa = PBXBuildFile; fileRef = 7345517D190DC76300F55D98 /* Security.framework */; };
		73455180190DC76C00F55D98 /* StoreKit.framework in Frameworks */ = {isa = PBXBuildFile; fileRef = 7345517F190DC76C00F55D98 /* StoreKit.framework */; };
		73455182190DC77200F55D98 /* SystemConfiguration.framework in Frameworks */ = {isa = PBXBuildFile; fileRef = 73455181190DC77200F55D98 /* SystemConfiguration.framework */; };
		73455185190DD12400F55D98 /* ChapterDetailView.m in Sources */ = {isa = PBXBuildFile; fileRef = 73455184190DD12400F55D98 /* ChapterDetailView.m */; };
		73455188190DD5B600F55D98 /* TradingCardDetailView.m in Sources */ = {isa = PBXBuildFile; fileRef = 73455187190DD5B600F55D98 /* TradingCardDetailView.m */; };
		73DAD792190C1C8400027244 /* TradingCardCell.xib in Resources */ = {isa = PBXBuildFile; fileRef = 73DAD791190C1C8400027244 /* TradingCardCell.xib */; };
		73DAD799190C3B7600027244 /* SWRevealViewController.m in Sources */ = {isa = PBXBuildFile; fileRef = 73DAD798190C3B7600027244 /* SWRevealViewController.m */; };
		73DAD7A0190C3DBA00027244 /* SidebarViewController.m in Sources */ = {isa = PBXBuildFile; fileRef = 73DAD79F190C3DBA00027244 /* SidebarViewController.m */; };
		73DAD7A5190C4AB500027244 /* menu.png in Resources */ = {isa = PBXBuildFile; fileRef = 73DAD7A3190C4AB500027244 /* menu.png */; };
		73DAD7A6190C4AB500027244 /* menu@2x.png in Resources */ = {isa = PBXBuildFile; fileRef = 73DAD7A4190C4AB500027244 /* menu@2x.png */; };
		73DAD7A9190C4D1A00027244 /* plum_logo.png in Resources */ = {isa = PBXBuildFile; fileRef = 73DAD7A7190C4D1A00027244 /* plum_logo.png */; };
		73DAD7AA190C4D1A00027244 /* plum_logo@2x.png in Resources */ = {isa = PBXBuildFile; fileRef = 73DAD7A8190C4D1A00027244 /* plum_logo@2x.png */; };
		73DAD7AD190C540D00027244 /* dolrea.png in Resources */ = {isa = PBXBuildFile; fileRef = 73DAD7AC190C540D00027244 /* dolrea.png */; };
		73DAD7B0190C5B3700027244 /* StoryCardCell.xib in Resources */ = {isa = PBXBuildFile; fileRef = 73DAD7AF190C5B3700027244 /* StoryCardCell.xib */; };
		73E61C58190F689800991983 /* LoginViewController.m in Sources */ = {isa = PBXBuildFile; fileRef = 73E61C57190F689800991983 /* LoginViewController.m */; };
		73E61C5A190F6B9200991983 /* Accounts.framework in Frameworks */ = {isa = PBXBuildFile; fileRef = 73E61C59190F6B9200991983 /* Accounts.framework */; };
		73E61C5C190F6B9B00991983 /* AdSupport.framework in Frameworks */ = {isa = PBXBuildFile; fileRef = 73E61C5B190F6B9A00991983 /* AdSupport.framework */; };
		73E61C5E190F6BBA00991983 /* Social.framework in Frameworks */ = {isa = PBXBuildFile; fileRef = 73E61C5D190F6BBA00991983 /* Social.framework */; };
		73E61C60190F6BCF00991983 /* libsqlite3.dylib in Frameworks */ = {isa = PBXBuildFile; fileRef = 73E61C5F190F6BCF00991983 /* libsqlite3.dylib */; };
		73E61C62190F738800991983 /* background.jpg in Resources */ = {isa = PBXBuildFile; fileRef = 73E61C61190F738800991983 /* background.jpg */; };
		73E61C65190F7F1C00991983 /* CollectionViewController.m in Sources */ = {isa = PBXBuildFile; fileRef = 73E61C64190F7F1C00991983 /* CollectionViewController.m */; };
		73E61C68190FDF2100991983 /* plus.png in Resources */ = {isa = PBXBuildFile; fileRef = 73E61C66190FDF2100991983 /* plus.png */; };
		73E61C69190FDF2100991983 /* plus@2x.png in Resources */ = {isa = PBXBuildFile; fileRef = 73E61C67190FDF2100991983 /* plus@2x.png */; };
		73E61C6C190FE9F900991983 /* PlumSignUpViewController.m in Sources */ = {isa = PBXBuildFile; fileRef = 73E61C6B190FE9F900991983 /* PlumSignUpViewController.m */; };
		73E61C6F190FEA3F00991983 /* PlumLogInViewController.m in Sources */ = {isa = PBXBuildFile; fileRef = 73E61C6E190FEA3F00991983 /* PlumLogInViewController.m */; };
		73E61C72190FED4500991983 /* LoginFieldBG.png in Resources */ = {isa = PBXBuildFile; fileRef = 73E61C71190FED4500991983 /* LoginFieldBG.png */; };
		73E61C75190FEE7000991983 /* SignUp.png in Resources */ = {isa = PBXBuildFile; fileRef = 73E61C73190FEE7000991983 /* SignUp.png */; };
		73E61C76190FEE7000991983 /* SignUpDown.png in Resources */ = {isa = PBXBuildFile; fileRef = 73E61C74190FEE7000991983 /* SignUpDown.png */; };
		73E61C79190FF06D00991983 /* LogIn.png in Resources */ = {isa = PBXBuildFile; fileRef = 73E61C77190FF06D00991983 /* LogIn.png */; };
		73E61C7A190FF06D00991983 /* LogInDown.png in Resources */ = {isa = PBXBuildFile; fileRef = 73E61C78190FF06D00991983 /* LogInDown.png */; };
		73E61C7C190FF1EE00991983 /* loginlogo@2x.png in Resources */ = {isa = PBXBuildFile; fileRef = 73E61C7B190FF1EE00991983 /* loginlogo@2x.png */; };
		73E61C7E190FF3C000991983 /* SignUpFieldBG.png in Resources */ = {isa = PBXBuildFile; fileRef = 73E61C7D190FF3C000991983 /* SignUpFieldBG.png */; };
		73E61C80190FF6EB00991983 /* plum@2x.png in Resources */ = {isa = PBXBuildFile; fileRef = 73E61C7F190FF6EB00991983 /* plum@2x.png */; };
		73E61C82190FF74300991983 /* collection.png in Resources */ = {isa = PBXBuildFile; fileRef = 73E61C81190FF74300991983 /* collection.png */; };
		73E61C84190FF7B800991983 /* logout.png in Resources */ = {isa = PBXBuildFile; fileRef = 73E61C83190FF7B800991983 /* logout.png */; };
		73E61C86190FF8BD00991983 /* collectiontitle@2x.png in Resources */ = {isa = PBXBuildFile; fileRef = 73E61C85190FF8BD00991983 /* collectiontitle@2x.png */; };
		73EAD1CC19100B1E003FBE9D /* delete@2x.png in Resources */ = {isa = PBXBuildFile; fileRef = 73EAD1CB19100B1E003FBE9D /* delete@2x.png */; };
/* End PBXBuildFile section */

/* Begin PBXContainerItemProxy section */
		7309B0401909D0C800ACCD5E /* PBXContainerItemProxy */ = {
			isa = PBXContainerItemProxy;
			containerPortal = 7309B00F1909D0C800ACCD5E /* Project object */;
			proxyType = 1;
			remoteGlobalIDString = 7309B0161909D0C800ACCD5E;
			remoteInfo = Plum;
		};
/* End PBXContainerItemProxy section */

/* Begin PBXFileReference section */
		7309B0171909D0C800ACCD5E /* Plum.app */ = {isa = PBXFileReference; explicitFileType = wrapper.application; includeInIndex = 0; path = Plum.app; sourceTree = BUILT_PRODUCTS_DIR; };
		7309B01A1909D0C800ACCD5E /* Foundation.framework */ = {isa = PBXFileReference; lastKnownFileType = wrapper.framework; name = Foundation.framework; path = System/Library/Frameworks/Foundation.framework; sourceTree = SDKROOT; };
		7309B01C1909D0C800ACCD5E /* CoreGraphics.framework */ = {isa = PBXFileReference; lastKnownFileType = wrapper.framework; name = CoreGraphics.framework; path = System/Library/Frameworks/CoreGraphics.framework; sourceTree = SDKROOT; };
		7309B01E1909D0C800ACCD5E /* UIKit.framework */ = {isa = PBXFileReference; lastKnownFileType = wrapper.framework; name = UIKit.framework; path = System/Library/Frameworks/UIKit.framework; sourceTree = SDKROOT; };
		7309B0221909D0C800ACCD5E /* Plum-Info.plist */ = {isa = PBXFileReference; lastKnownFileType = text.plist.xml; path = "Plum-Info.plist"; sourceTree = "<group>"; };
		7309B0241909D0C800ACCD5E /* en */ = {isa = PBXFileReference; lastKnownFileType = text.plist.strings; name = en; path = en.lproj/InfoPlist.strings; sourceTree = "<group>"; };
		7309B0261909D0C800ACCD5E /* main.m */ = {isa = PBXFileReference; lastKnownFileType = sourcecode.c.objc; path = main.m; sourceTree = "<group>"; };
		7309B0281909D0C800ACCD5E /* Plum-Prefix.pch */ = {isa = PBXFileReference; lastKnownFileType = sourcecode.c.h; path = "Plum-Prefix.pch"; sourceTree = "<group>"; };
		7309B0291909D0C800ACCD5E /* PlumAppDelegate.h */ = {isa = PBXFileReference; lastKnownFileType = sourcecode.c.h; path = PlumAppDelegate.h; sourceTree = "<group>"; };
		7309B02A1909D0C800ACCD5E /* PlumAppDelegate.m */ = {isa = PBXFileReference; lastKnownFileType = sourcecode.c.objc; path = PlumAppDelegate.m; sourceTree = "<group>"; };
		7309B02D1909D0C800ACCD5E /* Base */ = {isa = PBXFileReference; lastKnownFileType = file.storyboard; name = Base; path = Base.lproj/Main.storyboard; sourceTree = "<group>"; };
		7309B02F1909D0C800ACCD5E /* PlumMasterViewController.h */ = {isa = PBXFileReference; lastKnownFileType = sourcecode.c.h; path = PlumMasterViewController.h; sourceTree = "<group>"; };
		7309B0301909D0C800ACCD5E /* PlumMasterViewController.m */ = {isa = PBXFileReference; lastKnownFileType = sourcecode.c.objc; path = PlumMasterViewController.m; sourceTree = "<group>"; };
		7309B0351909D0C800ACCD5E /* Images.xcassets */ = {isa = PBXFileReference; lastKnownFileType = folder.assetcatalog; path = Images.xcassets; sourceTree = "<group>"; };
		7309B03B1909D0C800ACCD5E /* PlumTests.xctest */ = {isa = PBXFileReference; explicitFileType = wrapper.cfbundle; includeInIndex = 0; path = PlumTests.xctest; sourceTree = BUILT_PRODUCTS_DIR; };
		7309B03C1909D0C800ACCD5E /* XCTest.framework */ = {isa = PBXFileReference; lastKnownFileType = wrapper.framework; name = XCTest.framework; path = Library/Frameworks/XCTest.framework; sourceTree = DEVELOPER_DIR; };
		7309B0441909D0C800ACCD5E /* PlumTests-Info.plist */ = {isa = PBXFileReference; lastKnownFileType = text.plist.xml; path = "PlumTests-Info.plist"; sourceTree = "<group>"; };
		7309B0461909D0C800ACCD5E /* en */ = {isa = PBXFileReference; lastKnownFileType = text.plist.strings; name = en; path = en.lproj/InfoPlist.strings; sourceTree = "<group>"; };
		7309B0481909D0C800ACCD5E /* PlumTests.m */ = {isa = PBXFileReference; lastKnownFileType = sourcecode.c.objc; path = PlumTests.m; sourceTree = "<group>"; };
		7309B0521909D9A900ACCD5E /* PlumCardCell.h */ = {isa = PBXFileReference; fileEncoding = 4; lastKnownFileType = sourcecode.c.h; path = PlumCardCell.h; sourceTree = "<group>"; };
		7309B0531909D9A900ACCD5E /* PlumCardCell.m */ = {isa = PBXFileReference; fileEncoding = 4; lastKnownFileType = sourcecode.c.objc; path = PlumCardCell.m; sourceTree = "<group>"; };
		7309B0561909E1DF00ACCD5E /* anna.jpg */ = {isa = PBXFileReference; lastKnownFileType = image.jpeg; name = anna.jpg; path = Plum/img/anna.jpg; sourceTree = "<group>"; };
		7309B05A190A184500ACCD5E /* TradingCardCell.h */ = {isa = PBXFileReference; fileEncoding = 4; lastKnownFileType = sourcecode.c.h; path = TradingCardCell.h; sourceTree = "<group>"; };
		7309B05B190A184500ACCD5E /* TradingCardCell.m */ = {isa = PBXFileReference; fileEncoding = 4; lastKnownFileType = sourcecode.c.objc; path = TradingCardCell.m; sourceTree = "<group>"; };
		7309B05D190A240000ACCD5E /* StoryCardCell.h */ = {isa = PBXFileReference; fileEncoding = 4; lastKnownFileType = sourcecode.c.h; path = StoryCardCell.h; sourceTree = "<group>"; };
		7309B05E190A240000ACCD5E /* StoryCardCell.m */ = {isa = PBXFileReference; fileEncoding = 4; lastKnownFileType = sourcecode.c.objc; path = StoryCardCell.m; sourceTree = "<group>"; };
		731E212D190D74B900C02B6D /* CardFlipSegue.h */ = {isa = PBXFileReference; fileEncoding = 4; lastKnownFileType = sourcecode.c.h; name = CardFlipSegue.h; path = Plum/CardFlipSegue.h; sourceTree = "<group>"; };
		731E212E190D74B900C02B6D /* CardFlipSegue.m */ = {isa = PBXFileReference; fileEncoding = 4; lastKnownFileType = sourcecode.c.objc; name = CardFlipSegue.m; path = Plum/CardFlipSegue.m; sourceTree = "<group>"; };
		7336530D190F5A5700538335 /* trading_card_placeholder.png */ = {isa = PBXFileReference; lastKnownFileType = image.png; name = trading_card_placeholder.png; path = Plum/img/trading_card_placeholder.png; sourceTree = "<group>"; };
		7345516F190DC71500F55D98 /* Parse.framework */ = {isa = PBXFileReference; lastKnownFileType = wrapper.framework; path = Parse.framework; sourceTree = "<group>"; };
		73455171190DC74000F55D98 /* AudioToolbox.framework */ = {isa = PBXFileReference; lastKnownFileType = wrapper.framework; name = AudioToolbox.framework; path = System/Library/Frameworks/AudioToolbox.framework; sourceTree = SDKROOT; };
		73455173190DC74500F55D98 /* CFNetwork.framework */ = {isa = PBXFileReference; lastKnownFileType = wrapper.framework; name = CFNetwork.framework; path = System/Library/Frameworks/CFNetwork.framework; sourceTree = SDKROOT; };
		73455175190DC74F00F55D98 /* CoreLocation.framework */ = {isa = PBXFileReference; lastKnownFileType = wrapper.framework; name = CoreLocation.framework; path = System/Library/Frameworks/CoreLocation.framework; sourceTree = SDKROOT; };
		73455177190DC75400F55D98 /* libz.dylib */ = {isa = PBXFileReference; lastKnownFileType = "compiled.mach-o.dylib"; name = libz.dylib; path = usr/lib/libz.dylib; sourceTree = SDKROOT; };
		73455179190DC75900F55D98 /* MobileCoreServices.framework */ = {isa = PBXFileReference; lastKnownFileType = wrapper.framework; name = MobileCoreServices.framework; path = System/Library/Frameworks/MobileCoreServices.framework; sourceTree = SDKROOT; };
		7345517B190DC75E00F55D98 /* QuartzCore.framework */ = {isa = PBXFileReference; lastKnownFileType = wrapper.framework; name = QuartzCore.framework; path = System/Library/Frameworks/QuartzCore.framework; sourceTree = SDKROOT; };
		7345517D190DC76300F55D98 /* Security.framework */ = {isa = PBXFileReference; lastKnownFileType = wrapper.framework; name = Security.framework; path = System/Library/Frameworks/Security.framework; sourceTree = SDKROOT; };
		7345517F190DC76C00F55D98 /* StoreKit.framework */ = {isa = PBXFileReference; lastKnownFileType = wrapper.framework; name = StoreKit.framework; path = System/Library/Frameworks/StoreKit.framework; sourceTree = SDKROOT; };
		73455181190DC77200F55D98 /* SystemConfiguration.framework */ = {isa = PBXFileReference; lastKnownFileType = wrapper.framework; name = SystemConfiguration.framework; path = System/Library/Frameworks/SystemConfiguration.framework; sourceTree = SDKROOT; };
		73455183190DD12400F55D98 /* ChapterDetailView.h */ = {isa = PBXFileReference; fileEncoding = 4; lastKnownFileType = sourcecode.c.h; path = ChapterDetailView.h; sourceTree = "<group>"; };
		73455184190DD12400F55D98 /* ChapterDetailView.m */ = {isa = PBXFileReference; fileEncoding = 4; lastKnownFileType = sourcecode.c.objc; path = ChapterDetailView.m; sourceTree = "<group>"; };
		73455186190DD5B600F55D98 /* TradingCardDetailView.h */ = {isa = PBXFileReference; fileEncoding = 4; lastKnownFileType = sourcecode.c.h; path = TradingCardDetailView.h; sourceTree = "<group>"; };
		73455187190DD5B600F55D98 /* TradingCardDetailView.m */ = {isa = PBXFileReference; fileEncoding = 4; lastKnownFileType = sourcecode.c.objc; path = TradingCardDetailView.m; sourceTree = "<group>"; };
		73DAD791190C1C8400027244 /* TradingCardCell.xib */ = {isa = PBXFileReference; fileEncoding = 4; lastKnownFileType = file.xib; path = TradingCardCell.xib; sourceTree = "<group>"; };
		73DAD797190C3B7600027244 /* SWRevealViewController.h */ = {isa = PBXFileReference; fileEncoding = 4; lastKnownFileType = sourcecode.c.h; name = SWRevealViewController.h; path = Plum/Library/SWRevealViewController.h; sourceTree = "<group>"; };
		73DAD798190C3B7600027244 /* SWRevealViewController.m */ = {isa = PBXFileReference; fileEncoding = 4; lastKnownFileType = sourcecode.c.objc; name = SWRevealViewController.m; path = Plum/Library/SWRevealViewController.m; sourceTree = "<group>"; };
		73DAD79E190C3DBA00027244 /* SidebarViewController.h */ = {isa = PBXFileReference; fileEncoding = 4; lastKnownFileType = sourcecode.c.h; path = SidebarViewController.h; sourceTree = "<group>"; };
		73DAD79F190C3DBA00027244 /* SidebarViewController.m */ = {isa = PBXFileReference; fileEncoding = 4; lastKnownFileType = sourcecode.c.objc; path = SidebarViewController.m; sourceTree = "<group>"; };
		73DAD7A3190C4AB500027244 /* menu.png */ = {isa = PBXFileReference; lastKnownFileType = image.png; name = menu.png; path = Plum/img/menu.png; sourceTree = "<group>"; };
		73DAD7A4190C4AB500027244 /* menu@2x.png */ = {isa = PBXFileReference; lastKnownFileType = image.png; name = "menu@2x.png"; path = "Plum/img/menu@2x.png"; sourceTree = "<group>"; };
		73DAD7A7190C4D1A00027244 /* plum_logo.png */ = {isa = PBXFileReference; lastKnownFileType = image.png; name = plum_logo.png; path = Plum/img/plum_logo.png; sourceTree = "<group>"; };
		73DAD7A8190C4D1A00027244 /* plum_logo@2x.png */ = {isa = PBXFileReference; lastKnownFileType = image.png; name = "plum_logo@2x.png"; path = "Plum/img/plum_logo@2x.png"; sourceTree = "<group>"; };
		73DAD7AC190C540D00027244 /* dolrea.png */ = {isa = PBXFileReference; lastKnownFileType = image.png; path = dolrea.png; sourceTree = "<group>"; };
		73DAD7AF190C5B3700027244 /* StoryCardCell.xib */ = {isa = PBXFileReference; fileEncoding = 4; lastKnownFileType = file.xib; path = StoryCardCell.xib; sourceTree = "<group>"; };
		73E61C56190F689800991983 /* LoginViewController.h */ = {isa = PBXFileReference; fileEncoding = 4; lastKnownFileType = sourcecode.c.h; path = LoginViewController.h; sourceTree = "<group>"; };
		73E61C57190F689800991983 /* LoginViewController.m */ = {isa = PBXFileReference; fileEncoding = 4; lastKnownFileType = sourcecode.c.objc; path = LoginViewController.m; sourceTree = "<group>"; };
		73E61C59190F6B9200991983 /* Accounts.framework */ = {isa = PBXFileReference; lastKnownFileType = wrapper.framework; name = Accounts.framework; path = System/Library/Frameworks/Accounts.framework; sourceTree = SDKROOT; };
		73E61C5B190F6B9A00991983 /* AdSupport.framework */ = {isa = PBXFileReference; lastKnownFileType = wrapper.framework; name = AdSupport.framework; path = System/Library/Frameworks/AdSupport.framework; sourceTree = SDKROOT; };
		73E61C5D190F6BBA00991983 /* Social.framework */ = {isa = PBXFileReference; lastKnownFileType = wrapper.framework; name = Social.framework; path = System/Library/Frameworks/Social.framework; sourceTree = SDKROOT; };
		73E61C5F190F6BCF00991983 /* libsqlite3.dylib */ = {isa = PBXFileReference; lastKnownFileType = "compiled.mach-o.dylib"; name = libsqlite3.dylib; path = usr/lib/libsqlite3.dylib; sourceTree = SDKROOT; };
		73E61C61190F738800991983 /* background.jpg */ = {isa = PBXFileReference; lastKnownFileType = image.jpeg; name = background.jpg; path = Plum/img/background.jpg; sourceTree = "<group>"; };
		73E61C63190F7F1C00991983 /* CollectionViewController.h */ = {isa = PBXFileReference; fileEncoding = 4; lastKnownFileType = sourcecode.c.h; path = CollectionViewController.h; sourceTree = "<group>"; };
		73E61C64190F7F1C00991983 /* CollectionViewController.m */ = {isa = PBXFileReference; fileEncoding = 4; lastKnownFileType = sourcecode.c.objc; path = CollectionViewController.m; sourceTree = "<group>"; };
		73E61C66190FDF2100991983 /* plus.png */ = {isa = PBXFileReference; lastKnownFileType = image.png; name = plus.png; path = Plum/img/plus.png; sourceTree = "<group>"; };
		73E61C67190FDF2100991983 /* plus@2x.png */ = {isa = PBXFileReference; lastKnownFileType = image.png; name = "plus@2x.png"; path = "Plum/img/plus@2x.png"; sourceTree = "<group>"; };
		73E61C6A190FE9F900991983 /* PlumSignUpViewController.h */ = {isa = PBXFileReference; fileEncoding = 4; lastKnownFileType = sourcecode.c.h; path = PlumSignUpViewController.h; sourceTree = "<group>"; };
		73E61C6B190FE9F900991983 /* PlumSignUpViewController.m */ = {isa = PBXFileReference; fileEncoding = 4; lastKnownFileType = sourcecode.c.objc; path = PlumSignUpViewController.m; sourceTree = "<group>"; };
		73E61C6D190FEA3F00991983 /* PlumLogInViewController.h */ = {isa = PBXFileReference; fileEncoding = 4; lastKnownFileType = sourcecode.c.h; path = PlumLogInViewController.h; sourceTree = "<group>"; };
		73E61C6E190FEA3F00991983 /* PlumLogInViewController.m */ = {isa = PBXFileReference; fileEncoding = 4; lastKnownFileType = sourcecode.c.objc; path = PlumLogInViewController.m; sourceTree = "<group>"; };
		73E61C71190FED4500991983 /* LoginFieldBG.png */ = {isa = PBXFileReference; lastKnownFileType = image.png; name = LoginFieldBG.png; path = Plum/img/LoginFieldBG.png; sourceTree = "<group>"; };
		73E61C73190FEE7000991983 /* SignUp.png */ = {isa = PBXFileReference; lastKnownFileType = image.png; name = SignUp.png; path = Plum/img/SignUp.png; sourceTree = "<group>"; };
		73E61C74190FEE7000991983 /* SignUpDown.png */ = {isa = PBXFileReference; lastKnownFileType = image.png; name = SignUpDown.png; path = Plum/img/SignUpDown.png; sourceTree = "<group>"; };
		73E61C77190FF06D00991983 /* LogIn.png */ = {isa = PBXFileReference; lastKnownFileType = image.png; name = LogIn.png; path = Plum/img/LogIn.png; sourceTree = "<group>"; };
		73E61C78190FF06D00991983 /* LogInDown.png */ = {isa = PBXFileReference; lastKnownFileType = image.png; name = LogInDown.png; path = Plum/img/LogInDown.png; sourceTree = "<group>"; };
		73E61C7B190FF1EE00991983 /* loginlogo@2x.png */ = {isa = PBXFileReference; lastKnownFileType = image.png; name = "loginlogo@2x.png"; path = "Plum/img/loginlogo@2x.png"; sourceTree = "<group>"; };
		73E61C7D190FF3C000991983 /* SignUpFieldBG.png */ = {isa = PBXFileReference; lastKnownFileType = image.png; name = SignUpFieldBG.png; path = Plum/img/SignUpFieldBG.png; sourceTree = "<group>"; };
		73E61C7F190FF6EB00991983 /* plum@2x.png */ = {isa = PBXFileReference; lastKnownFileType = image.png; name = "plum@2x.png"; path = "Plum/img/plum@2x.png"; sourceTree = "<group>"; };
		73E61C81190FF74300991983 /* collection.png */ = {isa = PBXFileReference; lastKnownFileType = image.png; name = collection.png; path = Plum/img/collection.png; sourceTree = "<group>"; };
		73E61C83190FF7B800991983 /* logout.png */ = {isa = PBXFileReference; lastKnownFileType = image.png; name = logout.png; path = Plum/img/logout.png; sourceTree = "<group>"; };
		73E61C85190FF8BD00991983 /* collectiontitle@2x.png */ = {isa = PBXFileReference; lastKnownFileType = image.png; name = "collectiontitle@2x.png"; path = "Plum/img/collectiontitle@2x.png"; sourceTree = "<group>"; };
		73EAD1CB19100B1E003FBE9D /* delete@2x.png */ = {isa = PBXFileReference; lastKnownFileType = image.png; name = "delete@2x.png"; path = "Plum/img/delete@2x.png"; sourceTree = "<group>"; };
/* End PBXFileReference section */

/* Begin PBXFrameworksBuildPhase section */
		7309B0141909D0C800ACCD5E /* Frameworks */ = {
			isa = PBXFrameworksBuildPhase;
			buildActionMask = 2147483647;
			files = (
				73E61C60190F6BCF00991983 /* libsqlite3.dylib in Frameworks */,
				73E61C5E190F6BBA00991983 /* Social.framework in Frameworks */,
				73E61C5C190F6B9B00991983 /* AdSupport.framework in Frameworks */,
				73E61C5A190F6B9200991983 /* Accounts.framework in Frameworks */,
				73455182190DC77200F55D98 /* SystemConfiguration.framework in Frameworks */,
				73455180190DC76C00F55D98 /* StoreKit.framework in Frameworks */,
				7345517E190DC76300F55D98 /* Security.framework in Frameworks */,
				7345517C190DC75E00F55D98 /* QuartzCore.framework in Frameworks */,
				7345517A190DC75900F55D98 /* MobileCoreServices.framework in Frameworks */,
				73455178190DC75400F55D98 /* libz.dylib in Frameworks */,
				73455176190DC74F00F55D98 /* CoreLocation.framework in Frameworks */,
				7309B01D1909D0C800ACCD5E /* CoreGraphics.framework in Frameworks */,
				73455174190DC74500F55D98 /* CFNetwork.framework in Frameworks */,
				73455172190DC74000F55D98 /* AudioToolbox.framework in Frameworks */,
				7309B01F1909D0C800ACCD5E /* UIKit.framework in Frameworks */,
				73455170190DC71500F55D98 /* Parse.framework in Frameworks */,
				7309B01B1909D0C800ACCD5E /* Foundation.framework in Frameworks */,
			);
			runOnlyForDeploymentPostprocessing = 0;
		};
		7309B0381909D0C800ACCD5E /* Frameworks */ = {
			isa = PBXFrameworksBuildPhase;
			buildActionMask = 2147483647;
			files = (
				7309B03D1909D0C800ACCD5E /* XCTest.framework in Frameworks */,
				7309B03F1909D0C800ACCD5E /* UIKit.framework in Frameworks */,
				7309B03E1909D0C800ACCD5E /* Foundation.framework in Frameworks */,
			);
			runOnlyForDeploymentPostprocessing = 0;
		};
/* End PBXFrameworksBuildPhase section */

/* Begin PBXGroup section */
		7309B00E1909D0C800ACCD5E = {
			isa = PBXGroup;
			children = (
				7309B0201909D0C800ACCD5E /* Plum */,
				7309B0421909D0C800ACCD5E /* PlumTests */,
				7309B0191909D0C800ACCD5E /* Frameworks */,
				7309B0181909D0C800ACCD5E /* Products */,
			);
			sourceTree = "<group>";
		};
		7309B0181909D0C800ACCD5E /* Products */ = {
			isa = PBXGroup;
			children = (
				7309B0171909D0C800ACCD5E /* Plum.app */,
				7309B03B1909D0C800ACCD5E /* PlumTests.xctest */,
			);
			name = Products;
			sourceTree = "<group>";
		};
		7309B0191909D0C800ACCD5E /* Frameworks */ = {
			isa = PBXGroup;
			children = (
				73E61C5F190F6BCF00991983 /* libsqlite3.dylib */,
				73E61C5D190F6BBA00991983 /* Social.framework */,
				73E61C5B190F6B9A00991983 /* AdSupport.framework */,
				73E61C59190F6B9200991983 /* Accounts.framework */,
				73455181190DC77200F55D98 /* SystemConfiguration.framework */,
				7345517F190DC76C00F55D98 /* StoreKit.framework */,
				7345517D190DC76300F55D98 /* Security.framework */,
				7345517B190DC75E00F55D98 /* QuartzCore.framework */,
				73455179190DC75900F55D98 /* MobileCoreServices.framework */,
				73455177190DC75400F55D98 /* libz.dylib */,
				73455175190DC74F00F55D98 /* CoreLocation.framework */,
				73455173190DC74500F55D98 /* CFNetwork.framework */,
				73455171190DC74000F55D98 /* AudioToolbox.framework */,
				7345516F190DC71500F55D98 /* Parse.framework */,
				7309B01A1909D0C800ACCD5E /* Foundation.framework */,
				7309B01C1909D0C800ACCD5E /* CoreGraphics.framework */,
				7309B01E1909D0C800ACCD5E /* UIKit.framework */,
				7309B03C1909D0C800ACCD5E /* XCTest.framework */,
			);
			name = Frameworks;
			sourceTree = "<group>";
		};
		7309B0201909D0C800ACCD5E /* Plum */ = {
			isa = PBXGroup;
			children = (
				7309B0291909D0C800ACCD5E /* PlumAppDelegate.h */,
				7309B02A1909D0C800ACCD5E /* PlumAppDelegate.m */,
				7309B02C1909D0C800ACCD5E /* Main.storyboard */,
				73E61C63190F7F1C00991983 /* CollectionViewController.h */,
				73E61C64190F7F1C00991983 /* CollectionViewController.m */,
				73DAD79E190C3DBA00027244 /* SidebarViewController.h */,
				73DAD79F190C3DBA00027244 /* SidebarViewController.m */,
				7309B02F1909D0C800ACCD5E /* PlumMasterViewController.h */,
				7309B0301909D0C800ACCD5E /* PlumMasterViewController.m */,
				73DAD7AE190C545800027244 /* Cards */,
				73E61C70190FEBCD00991983 /* Login and SignUp */,
				7309B0351909D0C800ACCD5E /* Images.xcassets */,
				7309B0211909D0C800ACCD5E /* Supporting Files */,
			);
			path = Plum;
			sourceTree = "<group>";
		};
		7309B0211909D0C800ACCD5E /* Supporting Files */ = {
			isa = PBXGroup;
			children = (
				73DAD7AB190C53F400027244 /* content */,
				73DAD796190C3B6500027244 /* Library */,
				7309B0551909E1C500ACCD5E /* img */,
				7309B0221909D0C800ACCD5E /* Plum-Info.plist */,
				7309B0231909D0C800ACCD5E /* InfoPlist.strings */,
				7309B0261909D0C800ACCD5E /* main.m */,
				7309B0281909D0C800ACCD5E /* Plum-Prefix.pch */,
			);
			name = "Supporting Files";
			sourceTree = "<group>";
		};
		7309B0421909D0C800ACCD5E /* PlumTests */ = {
			isa = PBXGroup;
			children = (
				7309B0481909D0C800ACCD5E /* PlumTests.m */,
				7309B0431909D0C800ACCD5E /* Supporting Files */,
			);
			path = PlumTests;
			sourceTree = "<group>";
		};
		7309B0431909D0C800ACCD5E /* Supporting Files */ = {
			isa = PBXGroup;
			children = (
				7309B0441909D0C800ACCD5E /* PlumTests-Info.plist */,
				7309B0451909D0C800ACCD5E /* InfoPlist.strings */,
			);
			name = "Supporting Files";
			sourceTree = "<group>";
		};
		7309B0551909E1C500ACCD5E /* img */ = {
			isa = PBXGroup;
			children = (
				73E61C66190FDF2100991983 /* plus.png */,
				73E61C67190FDF2100991983 /* plus@2x.png */,
				73E61C7F190FF6EB00991983 /* plum@2x.png */,
				73E61C71190FED4500991983 /* LoginFieldBG.png */,
				73E61C77190FF06D00991983 /* LogIn.png */,
				73E61C7B190FF1EE00991983 /* loginlogo@2x.png */,
				73E61C7D190FF3C000991983 /* SignUpFieldBG.png */,
				73EAD1CB19100B1E003FBE9D /* delete@2x.png */,
				73E61C78190FF06D00991983 /* LogInDown.png */,
				73E61C85190FF8BD00991983 /* collectiontitle@2x.png */,
				73E61C83190FF7B800991983 /* logout.png */,
				73DAD7A7190C4D1A00027244 /* plum_logo.png */,
				73E61C81190FF74300991983 /* collection.png */,
				73E61C73190FEE7000991983 /* SignUp.png */,
				73E61C74190FEE7000991983 /* SignUpDown.png */,
				73DAD7A8190C4D1A00027244 /* plum_logo@2x.png */,
				7336530D190F5A5700538335 /* trading_card_placeholder.png */,
				73E61C61190F738800991983 /* background.jpg */,
				73DAD7A3190C4AB500027244 /* menu.png */,
				73DAD7A4190C4AB500027244 /* menu@2x.png */,
				7309B0561909E1DF00ACCD5E /* anna.jpg */,
			);
			name = img;
			path = ..;
			sourceTree = "<group>";
		};
		73DAD796190C3B6500027244 /* Library */ = {
			isa = PBXGroup;
			children = (
				731E212D190D74B900C02B6D /* CardFlipSegue.h */,
				731E212E190D74B900C02B6D /* CardFlipSegue.m */,
				73DAD797190C3B7600027244 /* SWRevealViewController.h */,
				73DAD798190C3B7600027244 /* SWRevealViewController.m */,
			);
			name = Library;
			path = ..;
			sourceTree = "<group>";
		};
		73DAD7AB190C53F400027244 /* content */ = {
			isa = PBXGroup;
			children = (
				73DAD7AC190C540D00027244 /* dolrea.png */,
			);
			name = content;
			sourceTree = "<group>";
		};
		73DAD7AE190C545800027244 /* Cards */ = {
			isa = PBXGroup;
			children = (
				7309B0521909D9A900ACCD5E /* PlumCardCell.h */,
				7309B0531909D9A900ACCD5E /* PlumCardCell.m */,
				73DAD7AF190C5B3700027244 /* StoryCardCell.xib */,
				73DAD791190C1C8400027244 /* TradingCardCell.xib */,
				7309B05D190A240000ACCD5E /* StoryCardCell.h */,
				7309B05E190A240000ACCD5E /* StoryCardCell.m */,
				7309B05A190A184500ACCD5E /* TradingCardCell.h */,
				7309B05B190A184500ACCD5E /* TradingCardCell.m */,
				73455183190DD12400F55D98 /* ChapterDetailView.h */,
				73455184190DD12400F55D98 /* ChapterDetailView.m */,
				73455186190DD5B600F55D98 /* TradingCardDetailView.h */,
				73455187190DD5B600F55D98 /* TradingCardDetailView.m */,
			);
			name = Cards;
			sourceTree = "<group>";
		};
		73E61C70190FEBCD00991983 /* Login and SignUp */ = {
			isa = PBXGroup;
			children = (
				73E61C6A190FE9F900991983 /* PlumSignUpViewController.h */,
				73E61C6B190FE9F900991983 /* PlumSignUpViewController.m */,
				73E61C6D190FEA3F00991983 /* PlumLogInViewController.h */,
				73E61C6E190FEA3F00991983 /* PlumLogInViewController.m */,
				73E61C56190F689800991983 /* LoginViewController.h */,
				73E61C57190F689800991983 /* LoginViewController.m */,
			);
			name = "Login and SignUp";
			sourceTree = "<group>";
		};
/* End PBXGroup section */

/* Begin PBXNativeTarget section */
		7309B0161909D0C800ACCD5E /* Plum */ = {
			isa = PBXNativeTarget;
			buildConfigurationList = 7309B04C1909D0C800ACCD5E /* Build configuration list for PBXNativeTarget "Plum" */;
			buildPhases = (
				7309B0131909D0C800ACCD5E /* Sources */,
				7309B0141909D0C800ACCD5E /* Frameworks */,
				7309B0151909D0C800ACCD5E /* Resources */,
			);
			buildRules = (
			);
			dependencies = (
			);
			name = Plum;
			productName = Plum;
			productReference = 7309B0171909D0C800ACCD5E /* Plum.app */;
			productType = "com.apple.product-type.application";
		};
		7309B03A1909D0C800ACCD5E /* PlumTests */ = {
			isa = PBXNativeTarget;
			buildConfigurationList = 7309B04F1909D0C800ACCD5E /* Build configuration list for PBXNativeTarget "PlumTests" */;
			buildPhases = (
				7309B0371909D0C800ACCD5E /* Sources */,
				7309B0381909D0C800ACCD5E /* Frameworks */,
				7309B0391909D0C800ACCD5E /* Resources */,
			);
			buildRules = (
			);
			dependencies = (
				7309B0411909D0C800ACCD5E /* PBXTargetDependency */,
			);
			name = PlumTests;
			productName = PlumTests;
			productReference = 7309B03B1909D0C800ACCD5E /* PlumTests.xctest */;
			productType = "com.apple.product-type.bundle.unit-test";
		};
/* End PBXNativeTarget section */

/* Begin PBXProject section */
		7309B00F1909D0C800ACCD5E /* Project object */ = {
			isa = PBXProject;
			attributes = {
				CLASSPREFIX = Plum;
				LastUpgradeCheck = 0510;
				ORGANIZATIONNAME = "Lulu Tang";
				TargetAttributes = {
					7309B03A1909D0C800ACCD5E = {
						TestTargetID = 7309B0161909D0C800ACCD5E;
					};
				};
			};
			buildConfigurationList = 7309B0121909D0C800ACCD5E /* Build configuration list for PBXProject "Plum" */;
			compatibilityVersion = "Xcode 3.2";
			developmentRegion = English;
			hasScannedForEncodings = 0;
			knownRegions = (
				en,
				Base,
			);
			mainGroup = 7309B00E1909D0C800ACCD5E;
			productRefGroup = 7309B0181909D0C800ACCD5E /* Products */;
			projectDirPath = "";
			projectRoot = "";
			targets = (
				7309B0161909D0C800ACCD5E /* Plum */,
				7309B03A1909D0C800ACCD5E /* PlumTests */,
			);
		};
/* End PBXProject section */

/* Begin PBXResourcesBuildPhase section */
		7309B0151909D0C800ACCD5E /* Resources */ = {
			isa = PBXResourcesBuildPhase;
			buildActionMask = 2147483647;
			files = (
				73DAD7A6190C4AB500027244 /* menu@2x.png in Resources */,
				73E61C7C190FF1EE00991983 /* loginlogo@2x.png in Resources */,
				73E61C62190F738800991983 /* background.jpg in Resources */,
				73DAD7B0190C5B3700027244 /* StoryCardCell.xib in Resources */,
				7336530E190F5A5700538335 /* trading_card_placeholder.png in Resources */,
				7309B0361909D0C800ACCD5E /* Images.xcassets in Resources */,
				73E61C86190FF8BD00991983 /* collectiontitle@2x.png in Resources */,
				73E61C68190FDF2100991983 /* plus.png in Resources */,
				73E61C84190FF7B800991983 /* logout.png in Resources */,
				73DAD7A9190C4D1A00027244 /* plum_logo.png in Resources */,
				73EAD1CC19100B1E003FBE9D /* delete@2x.png in Resources */,
				73DAD792190C1C8400027244 /* TradingCardCell.xib in Resources */,
				73E61C7E190FF3C000991983 /* SignUpFieldBG.png in Resources */,
				73DAD7AA190C4D1A00027244 /* plum_logo@2x.png in Resources */,
				73E61C72190FED4500991983 /* LoginFieldBG.png in Resources */,
				73DAD7A5190C4AB500027244 /* menu.png in Resources */,
				73E61C82190FF74300991983 /* collection.png in Resources */,
				73DAD7AD190C540D00027244 /* dolrea.png in Resources */,
				73E61C69190FDF2100991983 /* plus@2x.png in Resources */,
				73E61C80190FF6EB00991983 /* plum@2x.png in Resources */,
				73E61C7A190FF06D00991983 /* LogInDown.png in Resources */,
				7309B0571909E1DF00ACCD5E /* anna.jpg in Resources */,
				73E61C79190FF06D00991983 /* LogIn.png in Resources */,
				73E61C75190FEE7000991983 /* SignUp.png in Resources */,
				7309B0251909D0C800ACCD5E /* InfoPlist.strings in Resources */,
				7309B02E1909D0C800ACCD5E /* Main.storyboard in Resources */,
				73E61C76190FEE7000991983 /* SignUpDown.png in Resources */,
			);
			runOnlyForDeploymentPostprocessing = 0;
		};
		7309B0391909D0C800ACCD5E /* Resources */ = {
			isa = PBXResourcesBuildPhase;
			buildActionMask = 2147483647;
			files = (
				7309B0471909D0C800ACCD5E /* InfoPlist.strings in Resources */,
			);
			runOnlyForDeploymentPostprocessing = 0;
		};
/* End PBXResourcesBuildPhase section */

/* Begin PBXSourcesBuildPhase section */
		7309B0131909D0C800ACCD5E /* Sources */ = {
			isa = PBXSourcesBuildPhase;
			buildActionMask = 2147483647;
			files = (
				73DAD7A0190C3DBA00027244 /* SidebarViewController.m in Sources */,
				7309B02B1909D0C800ACCD5E /* PlumAppDelegate.m in Sources */,
				7309B05F190A240000ACCD5E /* StoryCardCell.m in Sources */,
				73455188190DD5B600F55D98 /* TradingCardDetailView.m in Sources */,
				73455185190DD12400F55D98 /* ChapterDetailView.m in Sources */,
				73DAD799190C3B7600027244 /* SWRevealViewController.m in Sources */,
				7309B0541909D9A900ACCD5E /* PlumCardCell.m in Sources */,
				731E212F190D74B900C02B6D /* CardFlipSegue.m in Sources */,
				73E61C58190F689800991983 /* LoginViewController.m in Sources */,
				7309B0311909D0C800ACCD5E /* PlumMasterViewController.m in Sources */,
				73E61C6C190FE9F900991983 /* PlumSignUpViewController.m in Sources */,
				73E61C65190F7F1C00991983 /* CollectionViewController.m in Sources */,
				73E61C6F190FEA3F00991983 /* PlumLogInViewController.m in Sources */,
				7309B0271909D0C800ACCD5E /* main.m in Sources */,
				7309B05C190A184500ACCD5E /* TradingCardCell.m in Sources */,
			);
			runOnlyForDeploymentPostprocessing = 0;
		};
		7309B0371909D0C800ACCD5E /* Sources */ = {
			isa = PBXSourcesBuildPhase;
			buildActionMask = 2147483647;
			files = (
				7309B0491909D0C800ACCD5E /* PlumTests.m in Sources */,
			);
			runOnlyForDeploymentPostprocessing = 0;
		};
/* End PBXSourcesBuildPhase section */

/* Begin PBXTargetDependency section */
		7309B0411909D0C800ACCD5E /* PBXTargetDependency */ = {
			isa = PBXTargetDependency;
			target = 7309B0161909D0C800ACCD5E /* Plum */;
			targetProxy = 7309B0401909D0C800ACCD5E /* PBXContainerItemProxy */;
		};
/* End PBXTargetDependency section */

/* Begin PBXVariantGroup section */
		7309B0231909D0C800ACCD5E /* InfoPlist.strings */ = {
			isa = PBXVariantGroup;
			children = (
				7309B0241909D0C800ACCD5E /* en */,
			);
			name = InfoPlist.strings;
			sourceTree = "<group>";
		};
		7309B02C1909D0C800ACCD5E /* Main.storyboard */ = {
			isa = PBXVariantGroup;
			children = (
				7309B02D1909D0C800ACCD5E /* Base */,
			);
			name = Main.storyboard;
			sourceTree = "<group>";
		};
		7309B0451909D0C800ACCD5E /* InfoPlist.strings */ = {
			isa = PBXVariantGroup;
			children = (
				7309B0461909D0C800ACCD5E /* en */,
			);
			name = InfoPlist.strings;
			sourceTree = "<group>";
		};
/* End PBXVariantGroup section */

/* Begin XCBuildConfiguration section */
		7309B04A1909D0C800ACCD5E /* Debug */ = {
			isa = XCBuildConfiguration;
			buildSettings = {
				ALWAYS_SEARCH_USER_PATHS = NO;
				CLANG_CXX_LANGUAGE_STANDARD = "gnu++0x";
				CLANG_CXX_LIBRARY = "libc++";
				CLANG_ENABLE_MODULES = YES;
				CLANG_ENABLE_OBJC_ARC = YES;
				CLANG_WARN_BOOL_CONVERSION = YES;
				CLANG_WARN_CONSTANT_CONVERSION = YES;
				CLANG_WARN_DIRECT_OBJC_ISA_USAGE = YES_ERROR;
				CLANG_WARN_EMPTY_BODY = YES;
				CLANG_WARN_ENUM_CONVERSION = YES;
				CLANG_WARN_INT_CONVERSION = YES;
				CLANG_WARN_OBJC_ROOT_CLASS = YES_ERROR;
				CLANG_WARN__DUPLICATE_METHOD_MATCH = YES;
				"CODE_SIGN_IDENTITY[sdk=iphoneos*]" = "iPhone Developer";
				COPY_PHASE_STRIP = NO;
				GCC_C_LANGUAGE_STANDARD = gnu99;
				GCC_DYNAMIC_NO_PIC = NO;
				GCC_OPTIMIZATION_LEVEL = 0;
				GCC_PREPROCESSOR_DEFINITIONS = (
					"DEBUG=1",
					"$(inherited)",
				);
				GCC_SYMBOLS_PRIVATE_EXTERN = NO;
				GCC_WARN_64_TO_32_BIT_CONVERSION = YES;
				GCC_WARN_ABOUT_RETURN_TYPE = YES_ERROR;
				GCC_WARN_UNDECLARED_SELECTOR = YES;
				GCC_WARN_UNINITIALIZED_AUTOS = YES_AGGRESSIVE;
				GCC_WARN_UNUSED_FUNCTION = YES;
				GCC_WARN_UNUSED_VARIABLE = YES;
				IPHONEOS_DEPLOYMENT_TARGET = 7.1;
				ONLY_ACTIVE_ARCH = YES;
				SDKROOT = iphoneos;
			};
			name = Debug;
		};
		7309B04B1909D0C800ACCD5E /* Release */ = {
			isa = XCBuildConfiguration;
			buildSettings = {
				ALWAYS_SEARCH_USER_PATHS = NO;
				CLANG_CXX_LANGUAGE_STANDARD = "gnu++0x";
				CLANG_CXX_LIBRARY = "libc++";
				CLANG_ENABLE_MODULES = YES;
				CLANG_ENABLE_OBJC_ARC = YES;
				CLANG_WARN_BOOL_CONVERSION = YES;
				CLANG_WARN_CONSTANT_CONVERSION = YES;
				CLANG_WARN_DIRECT_OBJC_ISA_USAGE = YES_ERROR;
				CLANG_WARN_EMPTY_BODY = YES;
				CLANG_WARN_ENUM_CONVERSION = YES;
				CLANG_WARN_INT_CONVERSION = YES;
				CLANG_WARN_OBJC_ROOT_CLASS = YES_ERROR;
				CLANG_WARN__DUPLICATE_METHOD_MATCH = YES;
				"CODE_SIGN_IDENTITY[sdk=iphoneos*]" = "iPhone Developer";
				COPY_PHASE_STRIP = YES;
				ENABLE_NS_ASSERTIONS = NO;
				GCC_C_LANGUAGE_STANDARD = gnu99;
				GCC_WARN_64_TO_32_BIT_CONVERSION = YES;
				GCC_WARN_ABOUT_RETURN_TYPE = YES_ERROR;
				GCC_WARN_UNDECLARED_SELECTOR = YES;
				GCC_WARN_UNINITIALIZED_AUTOS = YES_AGGRESSIVE;
				GCC_WARN_UNUSED_FUNCTION = YES;
				GCC_WARN_UNUSED_VARIABLE = YES;
				IPHONEOS_DEPLOYMENT_TARGET = 7.1;
				SDKROOT = iphoneos;
				VALIDATE_PRODUCT = YES;
			};
			name = Release;
		};
		7309B04D1909D0C800ACCD5E /* Debug */ = {
			isa = XCBuildConfiguration;
			buildSettings = {
				ASSETCATALOG_COMPILER_APPICON_NAME = AppIcon;
				ASSETCATALOG_COMPILER_LAUNCHIMAGE_NAME = LaunchImage;
				FRAMEWORK_SEARCH_PATHS = (
					"$(inherited)",
					"$(PROJECT_DIR)",
				);
				GCC_PRECOMPILE_PREFIX_HEADER = YES;
				GCC_PREFIX_HEADER = "Plum/Plum-Prefix.pch";
				INFOPLIST_FILE = "Plum/Plum-Info.plist";
				PRODUCT_NAME = "$(TARGET_NAME)";
				WRAPPER_EXTENSION = app;
			};
			name = Debug;
		};
		7309B04E1909D0C800ACCD5E /* Release */ = {
			isa = XCBuildConfiguration;
			buildSettings = {
				ASSETCATALOG_COMPILER_APPICON_NAME = AppIcon;
				ASSETCATALOG_COMPILER_LAUNCHIMAGE_NAME = LaunchImage;
				FRAMEWORK_SEARCH_PATHS = (
					"$(inherited)",
					"$(PROJECT_DIR)",
				);
				GCC_PRECOMPILE_PREFIX_HEADER = YES;
				GCC_PREFIX_HEADER = "Plum/Plum-Prefix.pch";
				INFOPLIST_FILE = "Plum/Plum-Info.plist";
				PRODUCT_NAME = "$(TARGET_NAME)";
				WRAPPER_EXTENSION = app;
			};
			name = Release;
		};
		7309B0501909D0C800ACCD5E /* Debug */ = {
			isa = XCBuildConfiguration;
			buildSettings = {
				BUNDLE_LOADER = "$(BUILT_PRODUCTS_DIR)/Plum.app/Plum";
				FRAMEWORK_SEARCH_PATHS = (
					"$(SDKROOT)/Developer/Library/Frameworks",
					"$(inherited)",
					"$(DEVELOPER_FRAMEWORKS_DIR)",
				);
				GCC_PRECOMPILE_PREFIX_HEADER = YES;
				GCC_PREFIX_HEADER = "Plum/Plum-Prefix.pch";
				GCC_PREPROCESSOR_DEFINITIONS = (
					"DEBUG=1",
					"$(inherited)",
				);
				INFOPLIST_FILE = "PlumTests/PlumTests-Info.plist";
				PRODUCT_NAME = "$(TARGET_NAME)";
				TEST_HOST = "$(BUNDLE_LOADER)";
				WRAPPER_EXTENSION = xctest;
			};
			name = Debug;
		};
		7309B0511909D0C800ACCD5E /* Release */ = {
			isa = XCBuildConfiguration;
			buildSettings = {
				BUNDLE_LOADER = "$(BUILT_PRODUCTS_DIR)/Plum.app/Plum";
				FRAMEWORK_SEARCH_PATHS = (
					"$(SDKROOT)/Developer/Library/Frameworks",
					"$(inherited)",
					"$(DEVELOPER_FRAMEWORKS_DIR)",
				);
				GCC_PRECOMPILE_PREFIX_HEADER = YES;
				GCC_PREFIX_HEADER = "Plum/Plum-Prefix.pch";
				INFOPLIST_FILE = "PlumTests/PlumTests-Info.plist";
				PRODUCT_NAME = "$(TARGET_NAME)";
				TEST_HOST = "$(BUNDLE_LOADER)";
				WRAPPER_EXTENSION = xctest;
			};
			name = Release;
		};
/* End XCBuildConfiguration section */

/* Begin XCConfigurationList section */
		7309B0121909D0C800ACCD5E /* Build configuration list for PBXProject "Plum" */ = {
			isa = XCConfigurationList;
			buildConfigurations = (
				7309B04A1909D0C800ACCD5E /* Debug */,
				7309B04B1909D0C800ACCD5E /* Release */,
			);
			defaultConfigurationIsVisible = 0;
			defaultConfigurationName = Release;
		};
		7309B04C1909D0C800ACCD5E /* Build configuration list for PBXNativeTarget "Plum" */ = {
			isa = XCConfigurationList;
			buildConfigurations = (
				7309B04D1909D0C800ACCD5E /* Debug */,
				7309B04E1909D0C800ACCD5E /* Release */,
			);
			defaultConfigurationIsVisible = 0;
			defaultConfigurationName = Release;
		};
		7309B04F1909D0C800ACCD5E /* Build configuration list for PBXNativeTarget "PlumTests" */ = {
			isa = XCConfigurationList;
			buildConfigurations = (
				7309B0501909D0C800ACCD5E /* Debug */,
				7309B0511909D0C800ACCD5E /* Release */,
			);
			defaultConfigurationIsVisible = 0;
			defaultConfigurationName = Release;
		};
/* End XCConfigurationList section */
	};
	rootObject = 7309B00F1909D0C800ACCD5E /* Project object */;
}
